<Solution>
  <Folder Name="/Ref/">
    <Project Path="ref/Beutl.Editor/Beutl.Editor.csproj" />
    <Project Path="ref\Beutl\Beutl.csproj" Type="C#" />
  </Folder>
  <Folder Name="/Root/">
    <File Path="Directory.Build.props" />
    <File Path="Directory.Build.targets" />
    <File Path="nuget.config" />
  </Folder>
  <Project Path="src\Beutl.Extensions.Voice\Beutl.Extensions.Voice.csproj" Type="C#" />
  <Project Path="src\XamlPreview\XamlPreview.csproj" Type="C#" />
</Solution>